
Microsoft Visual Studio Solution File, Format Version 12.00
# Visual Studio 15
VisualStudioVersion = 15.0.27130.2036
MinimumVisualStudioVersion = 10.0.40219.1
Project("{8BC9CEB8-8B4A-11D0-8D11-00A0C91BC942}") = "练习1 标准输入输出流", "练习1 标准输入输出流\练习1 标准输入输出流.vcxproj", "{70CAF69A-E880-4F17-8465-CACC5622FAE0}"
EndProject
Global
	GlobalSection(SolutionConfigurationPlatforms) = preSolution
		Debug|x64 = Debug|x64
		Debug|x86 = Debug|x86
		Release|x64 = Release|x64
		Release|x86 = Release|x86
	EndGlobalSection
	GlobalSection(ProjectConfigurationPlatforms) = postSolution
		{70CAF69A-E880-4F17-8465-CACC5622FAE0}.Debug|x64.ActiveCfg = Debug|x64
		{70CAF69A-E880-4F17-8465-CACC5622FAE0}.Debug|x64.Build.0 = Debug|x64
		{70CAF69A-E880-4F17-8465-CACC5622FAE0}.Debug|x86.ActiveCfg = Debug|Win32
		{70CAF69A-E880-4F17-8465-CACC5622FAE0}.Debug|x86.Build.0 = Debug|Win32
		{70CAF69A-E880-4F17-8465-CACC5622FAE0}.Release|x64.ActiveCfg = Release|x64
		{70CAF69A-E880-4F17-8465-CACC5622FAE0}.Release|x64.Build.0 = Release|x64
		{70CAF69A-E880-4F17-8465-CACC5622FAE0}.Release|x86.ActiveCfg = Release|Win32
		{70CAF69A-E880-4F17-8465-CACC5622FAE0}.Release|x86.Build.0 = Release|Win32
	EndGlobalSection
	GlobalSection(SolutionProperties) = preSolution
		HideSolutionNode = FALSE
	EndGlobalSection
	GlobalSection(ExtensibilityGlobals) = postSolution
		SolutionGuid = {BAE37CFF-B785-4836-9DBC-20E17239FC6E}
	EndGlobalSection
EndGlobal
