
Microsoft Visual Studio Solution File, Format Version 12.00
# Visual Studio 15
VisualStudioVersion = 15.0.28010.2046
MinimumVisualStudioVersion = 10.0.40219.1
Project("{8BC9CEB8-8B4A-11D0-8D11-00A0C91BC942}") = "数组", "数组\数组.vcxproj", "{592B37CB-DCB0-4FB2-B6F9-AD090C9D0D77}"
EndProject
Global
	GlobalSection(SolutionConfigurationPlatforms) = preSolution
		Debug|x64 = Debug|x64
		Debug|x86 = Debug|x86
		Release|x64 = Release|x64
		Release|x86 = Release|x86
	EndGlobalSection
	GlobalSection(ProjectConfigurationPlatforms) = postSolution
		{592B37CB-DCB0-4FB2-B6F9-AD090C9D0D77}.Debug|x64.ActiveCfg = Debug|x64
		{592B37CB-DCB0-4FB2-B6F9-AD090C9D0D77}.Debug|x64.Build.0 = Debug|x64
		{592B37CB-DCB0-4FB2-B6F9-AD090C9D0D77}.Debug|x86.ActiveCfg = Debug|Win32
		{592B37CB-DCB0-4FB2-B6F9-AD090C9D0D77}.Debug|x86.Build.0 = Debug|Win32
		{592B37CB-DCB0-4FB2-B6F9-AD090C9D0D77}.Release|x64.ActiveCfg = Release|x64
		{592B37CB-DCB0-4FB2-B6F9-AD090C9D0D77}.Release|x64.Build.0 = Release|x64
		{592B37CB-DCB0-4FB2-B6F9-AD090C9D0D77}.Release|x86.ActiveCfg = Release|Win32
		{592B37CB-DCB0-4FB2-B6F9-AD090C9D0D77}.Release|x86.Build.0 = Release|Win32
	EndGlobalSection
	GlobalSection(SolutionProperties) = preSolution
		HideSolutionNode = FALSE
	EndGlobalSection
	GlobalSection(ExtensibilityGlobals) = postSolution
		SolutionGuid = {67714A9D-3CDE-4D20-9DFF-1D36E397F6DD}
	EndGlobalSection
EndGlobal
